
Microsoft Visual Studio Solution File, Format Version 12.00
# Visual Studio Version 17
VisualStudioVersion = 17.14.36301.6
MinimumVisualStudioVersion = 10.0.40219.1
Project("{FAE04EC0-301F-11D3-BF4B-00C04F79EFBC}") = "Backend", "Backend\Backend.csproj", "{291CE8F9-0F6C-44D1-A675-D752D8454789}"
EndProject
Project("{FAE04EC0-301F-11D3-BF4B-00C04F79EFBC}") = "BLL", "BLL\BLL.csproj", "{3FCBE1B7-6703-4F55-B2A7-759C0F7E385D}"
EndProject
Project("{FAE04EC0-301F-11D3-BF4B-00C04F79EFBC}") = "DAL", "DAL\DAL.csproj", "{85364A4B-933B-4E8B-A872-C95A33601E1C}"
EndProject
Project("{FAE04EC0-301F-11D3-BF4B-00C04F79EFBC}") = "BE", "BE\BE.csproj", "{613E1B3A-5F0E-4D61-B680-D1B2602CD8EE}"
EndProject
Project("{FAE04EC0-301F-11D3-BF4B-00C04F79EFBC}") = "Services", "Services\Services.csproj", "{1B118F18-57DE-4FD2-8492-817E74D6152E}"
EndProject
Project("{FAE04EC0-301F-11D3-BF4B-00C04F79EFBC}") = "FileServices", "FileServices\FileServices.csproj", "{B6BC3D6A-95F6-4C98-961B-4E29898B44FB}"
EndProject
Global
	GlobalSection(SolutionConfigurationPlatforms) = preSolution
		Debug|Any CPU = Debug|Any CPU
		Release|Any CPU = Release|Any CPU
	EndGlobalSection
	GlobalSection(ProjectConfigurationPlatforms) = postSolution
		{291CE8F9-0F6C-44D1-A675-D752D8454789}.Debug|Any CPU.ActiveCfg = Debug|Any CPU
		{291CE8F9-0F6C-44D1-A675-D752D8454789}.Debug|Any CPU.Build.0 = Debug|Any CPU
		{291CE8F9-0F6C-44D1-A675-D752D8454789}.Release|Any CPU.ActiveCfg = Release|Any CPU
		{291CE8F9-0F6C-44D1-A675-D752D8454789}.Release|Any CPU.Build.0 = Release|Any CPU
		{3FCBE1B7-6703-4F55-B2A7-759C0F7E385D}.Debug|Any CPU.ActiveCfg = Debug|Any CPU
		{3FCBE1B7-6703-4F55-B2A7-759C0F7E385D}.Debug|Any CPU.Build.0 = Debug|Any CPU
		{3FCBE1B7-6703-4F55-B2A7-759C0F7E385D}.Release|Any CPU.ActiveCfg = Release|Any CPU
		{3FCBE1B7-6703-4F55-B2A7-759C0F7E385D}.Release|Any CPU.Build.0 = Release|Any CPU
		{85364A4B-933B-4E8B-A872-C95A33601E1C}.Debug|Any CPU.ActiveCfg = Debug|Any CPU
		{85364A4B-933B-4E8B-A872-C95A33601E1C}.Debug|Any CPU.Build.0 = Debug|Any CPU
		{85364A4B-933B-4E8B-A872-C95A33601E1C}.Release|Any CPU.ActiveCfg = Release|Any CPU
		{85364A4B-933B-4E8B-A872-C95A33601E1C}.Release|Any CPU.Build.0 = Release|Any CPU
		{613E1B3A-5F0E-4D61-B680-D1B2602CD8EE}.Debug|Any CPU.ActiveCfg = Debug|Any CPU
		{613E1B3A-5F0E-4D61-B680-D1B2602CD8EE}.Debug|Any CPU.Build.0 = Debug|Any CPU
		{613E1B3A-5F0E-4D61-B680-D1B2602CD8EE}.Release|Any CPU.ActiveCfg = Release|Any CPU
		{613E1B3A-5F0E-4D61-B680-D1B2602CD8EE}.Release|Any CPU.Build.0 = Release|Any CPU
		{1B118F18-57DE-4FD2-8492-817E74D6152E}.Debug|Any CPU.ActiveCfg = Debug|Any CPU
		{1B118F18-57DE-4FD2-8492-817E74D6152E}.Debug|Any CPU.Build.0 = Debug|Any CPU
		{1B118F18-57DE-4FD2-8492-817E74D6152E}.Release|Any CPU.ActiveCfg = Release|Any CPU
		{1B118F18-57DE-4FD2-8492-817E74D6152E}.Release|Any CPU.Build.0 = Release|Any CPU
		{B6BC3D6A-95F6-4C98-961B-4E29898B44FB}.Debug|Any CPU.ActiveCfg = Debug|Any CPU
		{B6BC3D6A-95F6-4C98-961B-4E29898B44FB}.Debug|Any CPU.Build.0 = Debug|Any CPU
		{B6BC3D6A-95F6-4C98-961B-4E29898B44FB}.Release|Any CPU.ActiveCfg = Release|Any CPU
		{B6BC3D6A-95F6-4C98-961B-4E29898B44FB}.Release|Any CPU.Build.0 = Release|Any CPU
	EndGlobalSection
	GlobalSection(SolutionProperties) = preSolution
		HideSolutionNode = FALSE
	EndGlobalSection
	GlobalSection(ExtensibilityGlobals) = postSolution
		SolutionGuid = {0A601A8A-46F8-43F1-82DA-9F32D8787C80}
	EndGlobalSection
EndGlobal
